
Microsoft Visual Studio Solution File, Format Version 12.00
# Visual Studio Version 17
VisualStudioVersion = 17.9.34616.47
MinimumVisualStudioVersion = 10.0.40219.1
Project("{FAE04EC0-301F-11D3-BF4B-00C04F79EFBC}") = "ProyectoPrincipal", "ProyectoPrincipal.csproj", "{4374595B-FCB3-403F-8C4D-568F58A67861}"
EndProject
Global
	GlobalSection(SolutionConfigurationPlatforms) = preSolution
		Debug|Any CPU = Debug|Any CPU
		Release|Any CPU = Release|Any CPU
	EndGlobalSection
	GlobalSection(ProjectConfigurationPlatforms) = postSolution
		{4374595B-FCB3-403F-8C4D-568F58A67861}.Debug|Any CPU.ActiveCfg = Debug|Any CPU
		{4374595B-FCB3-403F-8C4D-568F58A67861}.Debug|Any CPU.Build.0 = Debug|Any CPU
		{4374595B-FCB3-403F-8C4D-568F58A67861}.Release|Any CPU.ActiveCfg = Release|Any CPU
		{4374595B-FCB3-403F-8C4D-568F58A67861}.Release|Any CPU.Build.0 = Release|Any CPU
	EndGlobalSection
	GlobalSection(SolutionProperties) = preSolution
		HideSolutionNode = FALSE
	EndGlobalSection
	GlobalSection(ExtensibilityGlobals) = postSolution
		SolutionGuid = {489DF87E-8613-47F7-BDEF-C3BEEBC41D5A}
	EndGlobalSection
EndGlobal
